
Microsoft Visual Studio Solution File, Format Version 12.00
# Visual Studio 15
VisualStudioVersion = 15.0.28307.757
MinimumVisualStudioVersion = 10.0.40219.1
Project("{FAE04EC0-301F-11D3-BF4B-00C04F79EFBC}") = "Backend", "Backend\Backend.csproj", "{2918EB5C-1814-476E-97B2-95BDA75CAC7B}"
EndProject
Project("{FAE04EC0-301F-11D3-BF4B-00C04F79EFBC}") = "DTO", "DTO\DTO.csproj", "{AC9C93B2-8D6F-47DF-95D0-6F05454A94E7}"
EndProject
Global
	GlobalSection(SolutionConfigurationPlatforms) = preSolution
		Debug|Any CPU = Debug|Any CPU
		Release|Any CPU = Release|Any CPU
	EndGlobalSection
	GlobalSection(ProjectConfigurationPlatforms) = postSolution
		{2918EB5C-1814-476E-97B2-95BDA75CAC7B}.Debug|Any CPU.ActiveCfg = Debug|Any CPU
		{2918EB5C-1814-476E-97B2-95BDA75CAC7B}.Debug|Any CPU.Build.0 = Debug|Any CPU
		{2918EB5C-1814-476E-97B2-95BDA75CAC7B}.Release|Any CPU.ActiveCfg = Release|Any CPU
		{2918EB5C-1814-476E-97B2-95BDA75CAC7B}.Release|Any CPU.Build.0 = Release|Any CPU
		{AC9C93B2-8D6F-47DF-95D0-6F05454A94E7}.Debug|Any CPU.ActiveCfg = Debug|Any CPU
		{AC9C93B2-8D6F-47DF-95D0-6F05454A94E7}.Debug|Any CPU.Build.0 = Debug|Any CPU
		{AC9C93B2-8D6F-47DF-95D0-6F05454A94E7}.Release|Any CPU.ActiveCfg = Release|Any CPU
		{AC9C93B2-8D6F-47DF-95D0-6F05454A94E7}.Release|Any CPU.Build.0 = Release|Any CPU
	EndGlobalSection
	GlobalSection(SolutionProperties) = preSolution
		HideSolutionNode = FALSE
	EndGlobalSection
	GlobalSection(ExtensibilityGlobals) = postSolution
		SolutionGuid = {690BA703-622C-4E6A-BE9D-E78AF35B3EED}
	EndGlobalSection
EndGlobal
